
Microsoft Visual Studio Solution File, Format Version 12.00
# Visual Studio Version 17
VisualStudioVersion = 17.5.33627.172
MinimumVisualStudioVersion = 10.0.40219.1
Project("{FAE04EC0-301F-11D3-BF4B-00C04F79EFBC}") = "KorshunovLinuxWebApplication", "KorshunovLinuxWebApplication\KorshunovLinuxWebApplication.csproj", "{ADC9D415-EC7E-4E38-AC8D-2B99D715AAD8}"
EndProject
Global
	GlobalSection(SolutionConfigurationPlatforms) = preSolution
		Debug|Any CPU = Debug|Any CPU
		Release|Any CPU = Release|Any CPU
	EndGlobalSection
	GlobalSection(ProjectConfigurationPlatforms) = postSolution
		{ADC9D415-EC7E-4E38-AC8D-2B99D715AAD8}.Debug|Any CPU.ActiveCfg = Debug|Any CPU
		{ADC9D415-EC7E-4E38-AC8D-2B99D715AAD8}.Debug|Any CPU.Build.0 = Debug|Any CPU
		{ADC9D415-EC7E-4E38-AC8D-2B99D715AAD8}.Release|Any CPU.ActiveCfg = Release|Any CPU
		{ADC9D415-EC7E-4E38-AC8D-2B99D715AAD8}.Release|Any CPU.Build.0 = Release|Any CPU
	EndGlobalSection
	GlobalSection(SolutionProperties) = preSolution
		HideSolutionNode = FALSE
	EndGlobalSection
	GlobalSection(ExtensibilityGlobals) = postSolution
		SolutionGuid = {789DD832-04B9-4C0F-81F8-E7DA940C320E}
	EndGlobalSection
EndGlobal
